
Microsoft Visual Studio Solution File, Format Version 12.00
# Visual Studio 15
VisualStudioVersion = 15.0.26403.0
MinimumVisualStudioVersion = 10.0.40219.1
Project("{8BC9CEB8-8B4A-11D0-8D11-00A0C91BC942}") = "Data Structure", "Data Structure\Data Structure.vcxproj", "{9C375E6E-34FC-4432-B3B3-DD8E92D79172}"
EndProject
Global
	GlobalSection(SolutionConfigurationPlatforms) = preSolution
		Debug|x64 = Debug|x64
		Debug|x86 = Debug|x86
		Release|x64 = Release|x64
		Release|x86 = Release|x86
	EndGlobalSection
	GlobalSection(ProjectConfigurationPlatforms) = postSolution
		{9C375E6E-34FC-4432-B3B3-DD8E92D79172}.Debug|x64.ActiveCfg = Debug|x64
		{9C375E6E-34FC-4432-B3B3-DD8E92D79172}.Debug|x64.Build.0 = Debug|x64
		{9C375E6E-34FC-4432-B3B3-DD8E92D79172}.Debug|x86.ActiveCfg = Debug|Win32
		{9C375E6E-34FC-4432-B3B3-DD8E92D79172}.Debug|x86.Build.0 = Debug|Win32
		{9C375E6E-34FC-4432-B3B3-DD8E92D79172}.Release|x64.ActiveCfg = Release|x64
		{9C375E6E-34FC-4432-B3B3-DD8E92D79172}.Release|x64.Build.0 = Release|x64
		{9C375E6E-34FC-4432-B3B3-DD8E92D79172}.Release|x86.ActiveCfg = Release|Win32
		{9C375E6E-34FC-4432-B3B3-DD8E92D79172}.Release|x86.Build.0 = Release|Win32
	EndGlobalSection
	GlobalSection(SolutionProperties) = preSolution
		HideSolutionNode = FALSE
	EndGlobalSection
EndGlobal
